// !$*UTF8*$!
{
	archiveVersion = 1;
	classes = {
	};
	objectVersion = 46;
	objects = {

/* Begin PBXBuildFile section */
		BAFDEF251917449D00909A33 /* Foundation.framework in Frameworks */ = {isa = PBXBuildFile; fileRef = BAFDEF241917449D00909A33 /* Foundation.framework */; };
		BAFDEF2A1917449D00909A33 /* ResourcePath.mm in Sources */ = {isa = PBXBuildFile; fileRef = BAFDEF291917449D00909A33 /* ResourcePath.mm */; };
		BAFDEF2D1917449D00909A33 /* main.cpp in Sources */ = {isa = PBXBuildFile; fileRef = BAFDEF2C1917449D00909A33 /* main.cpp */; };
		BAFDEF301917449D00909A33 /* cute_image.jpg in Resources */ = {isa = PBXBuildFile; fileRef = BAFDEF2F1917449D00909A33 /* cute_image.jpg */; };
		BAFDEF321917449D00909A33 /* nice_music.ogg in Resources */ = {isa = PBXBuildFile; fileRef = BAFDEF311917449D00909A33 /* nice_music.ogg */; };
		BAFDEF341917449D00909A33 /* sansation.ttf in Resources */ = {isa = PBXBuildFile; fileRef = BAFDEF331917449D00909A33 /* sansation.ttf */; };
		BAFDEF361917449D00909A33 /* icon.png in Resources */ = {isa = PBXBuildFile; fileRef = BAFDEF351917449D00909A33 /* icon.png */; };
/* End PBXBuildFile section */

/* Begin PBXFileReference section */
		BAFDEF211917449D00909A33 /* 2DShooter.app */ = {isa = PBXFileReference; explicitFileType = wrapper.application; includeInIndex = 0; path = 2DShooter.app; sourceTree = BUILT_PRODUCTS_DIR; };
		BAFDEF241917449D00909A33 /* Foundation.framework */ = {isa = PBXFileReference; lastKnownFileType = wrapper.framework; name = Foundation.framework; path = /System/Library/Frameworks/Foundation.framework; sourceTree = "<absolute>"; };
		BAFDEF281917449D00909A33 /* 2DShooter-Info.plist */ = {isa = PBXFileReference; lastKnownFileType = text.plist.xml; path = "2DShooter-Info.plist"; sourceTree = "<group>"; };
		BAFDEF291917449D00909A33 /* ResourcePath.mm */ = {isa = PBXFileReference; lastKnownFileType = sourcecode.cpp.objcpp; path = ResourcePath.mm; sourceTree = "<group>"; };
		BAFDEF2B1917449D00909A33 /* ResourcePath.hpp */ = {isa = PBXFileReference; lastKnownFileType = sourcecode.cpp.h; path = ResourcePath.hpp; sourceTree = "<group>"; };
		BAFDEF2C1917449D00909A33 /* main.cpp */ = {isa = PBXFileReference; lastKnownFileType = sourcecode.cpp.cpp; path = main.cpp; sourceTree = "<group>"; };
		BAFDEF2F1917449D00909A33 /* cute_image.jpg */ = {isa = PBXFileReference; lastKnownFileType = image.jpeg; path = cute_image.jpg; sourceTree = "<group>"; };
		BAFDEF311917449D00909A33 /* nice_music.ogg */ = {isa = PBXFileReference; lastKnownFileType = file; path = nice_music.ogg; sourceTree = "<group>"; };
		BAFDEF331917449D00909A33 /* sansation.ttf */ = {isa = PBXFileReference; lastKnownFileType = file; path = sansation.ttf; sourceTree = "<group>"; };
		BAFDEF351917449D00909A33 /* icon.png */ = {isa = PBXFileReference; lastKnownFileType = image.png; path = icon.png; sourceTree = "<group>"; };
/* End PBXFileReference section */

/* Begin PBXFrameworksBuildPhase section */
		BAFDEF1D1917449D00909A33 /* Frameworks */ = {
			isa = PBXFrameworksBuildPhase;
			buildActionMask = 2147483647;
			files = (
				BAFDEF251917449D00909A33 /* Foundation.framework in Frameworks */,
			);
			runOnlyForDeploymentPostprocessing = 0;
		};
/* End PBXFrameworksBuildPhase section */

/* Begin PBXGroup section */
		BAFDEF171917449D00909A33 = {
			isa = PBXGroup;
			children = (
				BAFDEF261917449D00909A33 /* 2DShooter */,
				BAFDEF231917449D00909A33 /* Frameworks */,
				BAFDEF221917449D00909A33 /* Products */,
			);
			sourceTree = "<group>";
		};
		BAFDEF221917449D00909A33 /* Products */ = {
			isa = PBXGroup;
			children = (
				BAFDEF211917449D00909A33 /* 2DShooter.app */,
			);
			name = Products;
			sourceTree = "<group>";
		};
		BAFDEF231917449D00909A33 /* Frameworks */ = {
			isa = PBXGroup;
			children = (
				BAFDEF241917449D00909A33 /* Foundation.framework */,
			);
			name = Frameworks;
			sourceTree = "<group>";
		};
		BAFDEF261917449D00909A33 /* 2DShooter */ = {
			isa = PBXGroup;
			children = (
				BAFDEF291917449D00909A33 /* ResourcePath.mm */,
				BAFDEF2B1917449D00909A33 /* ResourcePath.hpp */,
				BAFDEF2C1917449D00909A33 /* main.cpp */,
				BAFDEF2E1917449D00909A33 /* Resources */,
				BAFDEF271917449D00909A33 /* Supporting Files */,
			);
			path = 2DShooter;
			sourceTree = "<group>";
		};
		BAFDEF271917449D00909A33 /* Supporting Files */ = {
			isa = PBXGroup;
			children = (
				BAFDEF281917449D00909A33 /* 2DShooter-Info.plist */,
			);
			name = "Supporting Files";
			sourceTree = "<group>";
		};
		BAFDEF2E1917449D00909A33 /* Resources */ = {
			isa = PBXGroup;
			children = (
				BAFDEF2F1917449D00909A33 /* cute_image.jpg */,
				BAFDEF311917449D00909A33 /* nice_music.ogg */,
				BAFDEF331917449D00909A33 /* sansation.ttf */,
				BAFDEF351917449D00909A33 /* icon.png */,
			);
			name = Resources;
			sourceTree = "<group>";
		};
/* End PBXGroup section */

/* Begin PBXNativeTarget section */
		BAFDEF201917449D00909A33 /* 2DShooter */ = {
			isa = PBXNativeTarget;
			buildConfigurationList = BAFDEF391917449D00909A33 /* Build configuration list for PBXNativeTarget "2DShooter" */;
			buildPhases = (
				BAFDEF1C1917449D00909A33 /* Sources */,
				BAFDEF1D1917449D00909A33 /* Frameworks */,
				BAFDEF1E1917449D00909A33 /* Resources */,
				BAFDEF1F1917449D00909A33 /* ShellScript */,
			);
			buildRules = (
			);
			dependencies = (
			);
			name = 2DShooter;
			productName = 2DShooter;
			productReference = BAFDEF211917449D00909A33 /* 2DShooter.app */;
			productType = "com.apple.product-type.application";
		};
/* End PBXNativeTarget section */

/* Begin PBXProject section */
		BAFDEF181917449D00909A33 /* Project object */ = {
			isa = PBXProject;
			attributes = {
				LastUpgradeCheck = 0510;
				ORGANIZATIONNAME = "Emily Chiang";
			};
			buildConfigurationList = BAFDEF1B1917449D00909A33 /* Build configuration list for PBXProject "2DShooter" */;
			compatibilityVersion = "Xcode 3.2";
			developmentRegion = English;
			hasScannedForEncodings = 0;
			knownRegions = (
				en,
			);
			mainGroup = BAFDEF171917449D00909A33;
			productRefGroup = BAFDEF221917449D00909A33 /* Products */;
			projectDirPath = "";
			projectRoot = "";
			targets = (
				BAFDEF201917449D00909A33 /* 2DShooter */,
			);
		};
/* End PBXProject section */

/* Begin PBXResourcesBuildPhase section */
		BAFDEF1E1917449D00909A33 /* Resources */ = {
			isa = PBXResourcesBuildPhase;
			buildActionMask = 2147483647;
			files = (
				BAFDEF361917449D00909A33 /* icon.png in Resources */,
				BAFDEF341917449D00909A33 /* sansation.ttf in Resources */,
				BAFDEF321917449D00909A33 /* nice_music.ogg in Resources */,
				BAFDEF301917449D00909A33 /* cute_image.jpg in Resources */,
			);
			runOnlyForDeploymentPostprocessing = 0;
		};
/* End PBXResourcesBuildPhase section */

/* Begin PBXShellScriptBuildPhase section */
		BAFDEF1F1917449D00909A33 /* ShellScript */ = {
			isa = PBXShellScriptBuildPhase;
			buildActionMask = 2147483647;
			files = (
			);
			inputPaths = (
			);
			outputPaths = (
			);
			runOnlyForDeploymentPostprocessing = 0;
			shellPath = /bin/sh;
			shellScript = "# This shell script simply copies required sfml dylibs/frameworks into the application bundle frameworks folder.\n# If you're using static libraries (which is not recommended) you should remove this script from your project.\n\n# Are we building a project that uses framework or dylibs ?\ncase \"$SFML_BINARY_TYPE\" in\n    DYLIBS)\n        frameworks=\"false\"\n        ;;\n    *)\n        frameworks=\"true\"\n        ;;\nesac\n\n# Echoes to stderr\nerror () # $* message to display\n{\n    echo $* 1>&2\n    exit 2\n}\n\nassert () # $1 is a boolean, $2...N is an error message\n{\n    if [ $# -lt 2 ]\n    then\n        error \"Internal error in assert : not enough args\"\n    fi\n\n    if [ $1 -ne 0 ]\n    then\n        shift\n        error \"$*\"\n    fi\n}\n\nforce_remove () # $1 is a path\n{\n    test $# -eq 1\n    assert $? \"force_remove() requires one parameter\"\n    rm -fr \"$1\"\n    assert $? \"couldn't remove $1\"\n}\n\ncopy () # $1 is a source, $2 is a destination\n{\n    test $# -eq 2\n    assert $? \"copy() requires two parameters\"\n    ditto \"$1\" \"$2\"\n    assert $? \"couldn't copy $1 to $2\"\n}\n\nrequire () # $1 is a SFML module like 'system' or 'audio'\n{\n    dest=\"$BUILT_PRODUCTS_DIR/$PRODUCT_NAME.app/Contents/Frameworks\"\n\n    if [ -z \"$1\" ]\n    then\n        error \"require() requires one parameter!\"\n    else\n        # clean potentially old stuff\n        force_remove \"$dest/libsfml-$1.2.dylib\"\n        force_remove \"$dest/libsfml-$1-d.2.dylib\"\n        force_remove \"$dest/sfml-$1.framework\"\n\n        # copy SFML libraries\n        if [ \"$frameworks\" = \"true\" ]\n        then\n            copy \"/Library/Frameworks/sfml-$1.framework\" \"$dest/sfml-$1.framework\"\n        elif [ \"$SFML_LINK_DYLIBS_SUFFIX\" = \"-d\" ]\n        then\n            copy \"/usr/local/lib/libsfml-$1-d.2.dylib\" \"$dest/libsfml-$1-d.2.dylib\"\n        else\n            copy \"/usr/local/lib/libsfml-$1.2.dylib\" \"$dest/libsfml-$1.2.dylib\"\n        fi\n\n        if [ \"$1\" = \"audio\" ]\n        then\n            # copy sndfile framework too\n            copy \"/Library/Frameworks/sndfile.framework\" \"$dest/sndfile.framework\"\n        fi\n\n        if [ \"$1\" = \"graphics\" ]\n        then\n            # copy freetype framework too\n            copy \"/Library/Frameworks/freetype.framework\" \"$dest/freetype.framework\"\n        fi\n    fi\n}\n\nif [ -n \"$SFML_SYSTEM\" ]\nthen\n    require \"system\"\nfi\n\nif [ -n \"$SFML_AUDIO\" ]\nthen\n    require \"audio\"\nfi\n\nif [ -n \"$SFML_NETWORK\" ]\nthen\n    require \"network\"\nfi\n\nif [ -n \"$SFML_WINDOW\" ]\nthen\n    require \"window\"\nfi\n\nif [ -n \"$SFML_GRAPHICS\" ]\nthen\n    require \"graphics\"\nfi\n\n                ";
		};
/* End PBXShellScriptBuildPhase section */

/* Begin PBXSourcesBuildPhase section */
		BAFDEF1C1917449D00909A33 /* Sources */ = {
			isa = PBXSourcesBuildPhase;
			buildActionMask = 2147483647;
			files = (
				BAFDEF2D1917449D00909A33 /* main.cpp in Sources */,
				BAFDEF2A1917449D00909A33 /* ResourcePath.mm in Sources */,
			);
			runOnlyForDeploymentPostprocessing = 0;
		};
/* End PBXSourcesBuildPhase section */

/* Begin XCBuildConfiguration section */
		BAFDEF371917449D00909A33 /* Debug */ = {
			isa = XCBuildConfiguration;
			buildSettings = {
				ARCHS = "$(ARCHS_STANDARD_32_64_BIT)";
				CLANG_WARN_EMPTY_BODY = YES;
				CLANG_WARN__DUPLICATE_METHOD_MATCH = YES;
				FRAMEWORK_SEARCH_PATHS = (
					/Library/Frameworks/,
					"$(inherited)",
				);
				GCC_OPTIMIZATION_LEVEL = 0;
				GCC_PREPROCESSOR_DEFINITIONS = (
					"DEBUG=1",
					"$(inherited)",
				);
				GCC_VERSION = com.apple.compilers.llvmgcc42;
				GCC_WARN_ABOUT_RETURN_TYPE = YES;
				GCC_WARN_UNINITIALIZED_AUTOS = YES;
				GCC_WARN_UNUSED_VARIABLE = YES;
				HEADER_SEARCH_PATHS = (
					/usr/local/include/,
					"$(inherited)",
				);
				LIBRARY_SEARCH_PATHS = (
					/usr/local/lib/,
					"$(inherited)",
				);
				MACOSX_DEPLOYMENT_TARGET = 10.5;
				ONLY_ACTIVE_ARCH = NO;
				OTHER_LDFLAGS = (
					"$(inherited)",
					"$(SFML_SYSTEM)",
					"$(SFML_WINDOW)",
					"$(SFML_GRAPHICS)",
					"$(SFML_AUDIO)",
					"$(SFML_NETWORK)",
				);
				SFML_AUDIO = "$(SFML_LINK_PREFIX) sfml-audio$(SFML_LINK_SUFFIX)";
				SFML_BINARY_TYPE = FRAMEWORKS;
				SFML_GRAPHICS = "$(SFML_LINK_PREFIX) sfml-graphics$(SFML_LINK_SUFFIX)";
				SFML_LINK_DYLIBS_PREFIX = "-l";
				SFML_LINK_DYLIBS_SUFFIX = "";
				SFML_LINK_FRAMEWORKS_PREFIX = "-framework";
				SFML_LINK_FRAMEWORKS_SUFFIX = "";
				SFML_LINK_PREFIX = "$(SFML_LINK_$(SFML_BINARY_TYPE)_PREFIX)";
				SFML_LINK_SUFFIX = "$(SFML_LINK_$(SFML_BINARY_TYPE)_SUFFIX)";
				SFML_NETWORK = "$(SFML_LINK_PREFIX) sfml-network$(SFML_LINK_SUFFIX)";
				SFML_SYSTEM = "$(SFML_LINK_PREFIX) sfml-system$(SFML_LINK_SUFFIX)";
				SFML_WINDOW = "$(SFML_LINK_PREFIX) sfml-window$(SFML_LINK_SUFFIX)";
				SUPPORTED_PLATFORMS = macosx;
			};
			name = Debug;
		};
		BAFDEF381917449D00909A33 /* Release */ = {
			isa = XCBuildConfiguration;
			buildSettings = {
				ARCHS = "$(ARCHS_STANDARD_32_64_BIT)";
				CLANG_WARN_EMPTY_BODY = YES;
				CLANG_WARN__DUPLICATE_METHOD_MATCH = YES;
				COPY_PHASE_STRIP = YES;
				FRAMEWORK_SEARCH_PATHS = (
					/Library/Frameworks/,
					"$(inherited)",
				);
				GCC_VERSION = com.apple.compilers.llvmgcc42;
				GCC_WARN_ABOUT_RETURN_TYPE = YES;
				GCC_WARN_UNINITIALIZED_AUTOS = YES;
				GCC_WARN_UNUSED_VARIABLE = YES;
				HEADER_SEARCH_PATHS = (
					/usr/local/include/,
					"$(inherited)",
				);
				LIBRARY_SEARCH_PATHS = (
					/usr/local/lib/,
					"$(inherited)",
				);
				MACOSX_DEPLOYMENT_TARGET = 10.5;
				ONLY_ACTIVE_ARCH = NO;
				OTHER_LDFLAGS = (
					"$(inherited)",
					"$(SFML_SYSTEM)",
					"$(SFML_WINDOW)",
					"$(SFML_GRAPHICS)",
					"$(SFML_AUDIO)",
					"$(SFML_NETWORK)",
				);
				SFML_AUDIO = "$(SFML_LINK_PREFIX) sfml-audio$(SFML_LINK_SUFFIX)";
				SFML_BINARY_TYPE = FRAMEWORKS;
				SFML_GRAPHICS = "$(SFML_LINK_PREFIX) sfml-graphics$(SFML_LINK_SUFFIX)";
				SFML_LINK_DYLIBS_PREFIX = "-l";
				SFML_LINK_DYLIBS_SUFFIX = "";
				SFML_LINK_FRAMEWORKS_PREFIX = "-framework";
				SFML_LINK_FRAMEWORKS_SUFFIX = "";
				SFML_LINK_PREFIX = "$(SFML_LINK_$(SFML_BINARY_TYPE)_PREFIX)";
				SFML_LINK_SUFFIX = "$(SFML_LINK_$(SFML_BINARY_TYPE)_SUFFIX)";
				SFML_NETWORK = "$(SFML_LINK_PREFIX) sfml-network$(SFML_LINK_SUFFIX)";
				SFML_SYSTEM = "$(SFML_LINK_PREFIX) sfml-system$(SFML_LINK_SUFFIX)";
				SFML_WINDOW = "$(SFML_LINK_PREFIX) sfml-window$(SFML_LINK_SUFFIX)";
				SUPPORTED_PLATFORMS = macosx;
			};
			name = Release;
		};
		BAFDEF3A1917449D00909A33 /* Debug */ = {
			isa = XCBuildConfiguration;
			buildSettings = {
				INFOPLIST_FILE = "2DShooter/2DShooter-Info.plist";
				PRODUCT_NAME = "$(TARGET_NAME)";
			};
			name = Debug;
		};
		BAFDEF3B1917449D00909A33 /* Release */ = {
			isa = XCBuildConfiguration;
			buildSettings = {
				INFOPLIST_FILE = "2DShooter/2DShooter-Info.plist";
				PRODUCT_NAME = "$(TARGET_NAME)";
			};
			name = Release;
		};
/* End XCBuildConfiguration section */

/* Begin XCConfigurationList section */
		BAFDEF1B1917449D00909A33 /* Build configuration list for PBXProject "2DShooter" */ = {
			isa = XCConfigurationList;
			buildConfigurations = (
				BAFDEF371917449D00909A33 /* Debug */,
				BAFDEF381917449D00909A33 /* Release */,
			);
			defaultConfigurationIsVisible = 0;
			defaultConfigurationName = Release;
		};
		BAFDEF391917449D00909A33 /* Build configuration list for PBXNativeTarget "2DShooter" */ = {
			isa = XCConfigurationList;
			buildConfigurations = (
				BAFDEF3A1917449D00909A33 /* Debug */,
				BAFDEF3B1917449D00909A33 /* Release */,
			);
			defaultConfigurationIsVisible = 0;
		};
/* End XCConfigurationList section */
	};
	rootObject = BAFDEF181917449D00909A33 /* Project object */;
}
