// !$*UTF8*$!
{
	archiveVersion = 1;
	classes = {
	};
	objectVersion = 46;
	objects = {

/* Begin PBXBuildFile section */
		BA3425D01919E918002A4F12 /* boss.png in Resources */ = {isa = PBXBuildFile; fileRef = BA3425CD1919E918002A4F12 /* boss.png */; };
		BA3425D41919EDC0002A4F12 /* RBtitle.png in Resources */ = {isa = PBXBuildFile; fileRef = BA3425D31919EDC0002A4F12 /* RBtitle.png */; };
		BA3425D61919F6E4002A4F12 /* text_entertostart.png in Resources */ = {isa = PBXBuildFile; fileRef = BA3425D51919F6E4002A4F12 /* text_entertostart.png */; };
		BA3425D81919FA9F002A4F12 /* text_youwon.png in Resources */ = {isa = PBXBuildFile; fileRef = BA3425D71919FA9F002A4F12 /* text_youwon.png */; };
		BA3425DA1919FC8A002A4F12 /* text_pause.png in Resources */ = {isa = PBXBuildFile; fileRef = BA3425D91919FC8A002A4F12 /* text_pause.png */; };
		BAFDEF251917449D00909A33 /* Foundation.framework in Frameworks */ = {isa = PBXBuildFile; fileRef = BAFDEF241917449D00909A33 /* Foundation.framework */; };
		BAFDEF2A1917449D00909A33 /* ResourcePath.mm in Sources */ = {isa = PBXBuildFile; fileRef = BAFDEF291917449D00909A33 /* ResourcePath.mm */; };
		BAFDEF2D1917449D00909A33 /* main.cpp in Sources */ = {isa = PBXBuildFile; fileRef = BAFDEF2C1917449D00909A33 /* main.cpp */; };
		BAFDEF3D1917450800909A33 /* Bullet.cpp in Sources */ = {isa = PBXBuildFile; fileRef = BAFDEF3C1917450800909A33 /* Bullet.cpp */; };
		BAFDEF401917451100909A33 /* BackgroundScroll.cpp in Sources */ = {isa = PBXBuildFile; fileRef = BAFDEF3E1917451100909A33 /* BackgroundScroll.cpp */; };
		BAFDEF4D191745B200909A33 /* EnemyBullet.cpp in Sources */ = {isa = PBXBuildFile; fileRef = BAFDEF46191745B200909A33 /* EnemyBullet.cpp */; };
		BAFDEF4E191745B200909A33 /* Movement.cpp in Sources */ = {isa = PBXBuildFile; fileRef = BAFDEF48191745B200909A33 /* Movement.cpp */; };
		BAFDEF4F191745B200909A33 /* Player.cpp in Sources */ = {isa = PBXBuildFile; fileRef = BAFDEF4A191745B200909A33 /* Player.cpp */; };
		BAFDEF6319188E5D00909A33 /* enemy.png in Resources */ = {isa = PBXBuildFile; fileRef = BAFDEF5C19188E5D00909A33 /* enemy.png */; };
		BAFDEF6419188E5D00909A33 /* enemy_2.png in Resources */ = {isa = PBXBuildFile; fileRef = BAFDEF5D19188E5D00909A33 /* enemy_2.png */; };
		BAFDEF6519188E5D00909A33 /* plane_down.png in Resources */ = {isa = PBXBuildFile; fileRef = BAFDEF5E19188E5D00909A33 /* plane_down.png */; };
		BAFDEF6619188E5D00909A33 /* image.png in Resources */ = {isa = PBXBuildFile; fileRef = BAFDEF5F19188E5D00909A33 /* image.png */; };
		BAFDEF6719188E5D00909A33 /* plane_up.png in Resources */ = {isa = PBXBuildFile; fileRef = BAFDEF6019188E5D00909A33 /* plane_up.png */; };
		BAFDEF6A1918903700909A33 /* bullet.png in Resources */ = {isa = PBXBuildFile; fileRef = BAFDEF681918903700909A33 /* bullet.png */; };
		BAFDEF6B1918903700909A33 /* enemybullet.png in Resources */ = {isa = PBXBuildFile; fileRef = BAFDEF691918903700909A33 /* enemybullet.png */; };
		BAFDEF6E191899E100909A33 /* Enemy.cpp in Sources */ = {isa = PBXBuildFile; fileRef = BAFDEF6C191899E100909A33 /* Enemy.cpp */; };
/* End PBXBuildFile section */

/* Begin PBXFileReference section */
		BA3425CD1919E918002A4F12 /* boss.png */ = {isa = PBXFileReference; lastKnownFileType = image.png; path = boss.png; sourceTree = "<group>"; };
		BA3425D21919EA9E002A4F12 /* Verdana.ttf */ = {isa = PBXFileReference; lastKnownFileType = file; path = Verdana.ttf; sourceTree = "<group>"; };
		BA3425D31919EDC0002A4F12 /* RBtitle.png */ = {isa = PBXFileReference; lastKnownFileType = image.png; path = RBtitle.png; sourceTree = "<group>"; };
		BA3425D51919F6E4002A4F12 /* text_entertostart.png */ = {isa = PBXFileReference; lastKnownFileType = image.png; path = text_entertostart.png; sourceTree = "<group>"; };
		BA3425D71919FA9F002A4F12 /* text_youwon.png */ = {isa = PBXFileReference; lastKnownFileType = image.png; path = text_youwon.png; sourceTree = "<group>"; };
		BA3425D91919FC8A002A4F12 /* text_pause.png */ = {isa = PBXFileReference; lastKnownFileType = image.png; path = text_pause.png; sourceTree = "<group>"; };
		BAFDEF211917449D00909A33 /* 2DShooter.app */ = {isa = PBXFileReference; explicitFileType = wrapper.application; includeInIndex = 0; path = 2DShooter.app; sourceTree = BUILT_PRODUCTS_DIR; };
		BAFDEF241917449D00909A33 /* Foundation.framework */ = {isa = PBXFileReference; lastKnownFileType = wrapper.framework; name = Foundation.framework; path = /System/Library/Frameworks/Foundation.framework; sourceTree = "<absolute>"; };
		BAFDEF281917449D00909A33 /* 2DShooter-Info.plist */ = {isa = PBXFileReference; lastKnownFileType = text.plist.xml; path = "2DShooter-Info.plist"; sourceTree = "<group>"; };
		BAFDEF291917449D00909A33 /* ResourcePath.mm */ = {isa = PBXFileReference; lastKnownFileType = sourcecode.cpp.objcpp; path = ResourcePath.mm; sourceTree = "<group>"; };
		BAFDEF2B1917449D00909A33 /* ResourcePath.hpp */ = {isa = PBXFileReference; lastKnownFileType = sourcecode.cpp.h; path = ResourcePath.hpp; sourceTree = "<group>"; };
		BAFDEF2C1917449D00909A33 /* main.cpp */ = {isa = PBXFileReference; lastKnownFileType = sourcecode.cpp.cpp; path = main.cpp; sourceTree = "<group>"; };
		BAFDEF3C1917450800909A33 /* Bullet.cpp */ = {isa = PBXFileReference; fileEncoding = 4; lastKnownFileType = sourcecode.cpp.cpp; path = Bullet.cpp; sourceTree = "<group>"; };
		BAFDEF3E1917451100909A33 /* BackgroundScroll.cpp */ = {isa = PBXFileReference; fileEncoding = 4; lastKnownFileType = sourcecode.cpp.cpp; path = BackgroundScroll.cpp; sourceTree = "<group>"; };
		BAFDEF3F1917451100909A33 /* BackgroundScroll.h */ = {isa = PBXFileReference; fileEncoding = 4; lastKnownFileType = sourcecode.c.h; path = BackgroundScroll.h; sourceTree = "<group>"; };
		BAFDEF411917451800909A33 /* Bullet.h */ = {isa = PBXFileReference; lastKnownFileType = sourcecode.c.h; path = Bullet.h; sourceTree = "<group>"; };
		BAFDEF46191745B200909A33 /* EnemyBullet.cpp */ = {isa = PBXFileReference; fileEncoding = 4; lastKnownFileType = sourcecode.cpp.cpp; path = EnemyBullet.cpp; sourceTree = "<group>"; };
		BAFDEF47191745B200909A33 /* EnemyBullet.h */ = {isa = PBXFileReference; fileEncoding = 4; lastKnownFileType = sourcecode.c.h; path = EnemyBullet.h; sourceTree = "<group>"; };
		BAFDEF48191745B200909A33 /* Movement.cpp */ = {isa = PBXFileReference; fileEncoding = 4; lastKnownFileType = sourcecode.cpp.cpp; path = Movement.cpp; sourceTree = "<group>"; };
		BAFDEF49191745B200909A33 /* Movement.h */ = {isa = PBXFileReference; fileEncoding = 4; lastKnownFileType = sourcecode.c.h; path = Movement.h; sourceTree = "<group>"; };
		BAFDEF4A191745B200909A33 /* Player.cpp */ = {isa = PBXFileReference; fileEncoding = 4; lastKnownFileType = sourcecode.cpp.cpp; path = Player.cpp; sourceTree = "<group>"; };
		BAFDEF4B191745B200909A33 /* Player.h */ = {isa = PBXFileReference; fileEncoding = 4; lastKnownFileType = sourcecode.c.h; path = Player.h; sourceTree = "<group>"; };
		BAFDEF5C19188E5D00909A33 /* enemy.png */ = {isa = PBXFileReference; lastKnownFileType = image.png; path = enemy.png; sourceTree = "<group>"; };
		BAFDEF5D19188E5D00909A33 /* enemy_2.png */ = {isa = PBXFileReference; lastKnownFileType = image.png; path = enemy_2.png; sourceTree = "<group>"; };
		BAFDEF5E19188E5D00909A33 /* plane_down.png */ = {isa = PBXFileReference; lastKnownFileType = image.png; path = plane_down.png; sourceTree = "<group>"; };
		BAFDEF5F19188E5D00909A33 /* image.png */ = {isa = PBXFileReference; lastKnownFileType = image.png; path = image.png; sourceTree = "<group>"; };
		BAFDEF6019188E5D00909A33 /* plane_up.png */ = {isa = PBXFileReference; lastKnownFileType = image.png; path = plane_up.png; sourceTree = "<group>"; };
		BAFDEF681918903700909A33 /* bullet.png */ = {isa = PBXFileReference; lastKnownFileType = image.png; path = bullet.png; sourceTree = "<group>"; };
		BAFDEF691918903700909A33 /* enemybullet.png */ = {isa = PBXFileReference; lastKnownFileType = image.png; path = enemybullet.png; sourceTree = "<group>"; };
		BAFDEF6C191899E100909A33 /* Enemy.cpp */ = {isa = PBXFileReference; fileEncoding = 4; lastKnownFileType = sourcecode.cpp.cpp; path = Enemy.cpp; sourceTree = "<group>"; };
		BAFDEF6D191899E100909A33 /* Enemy.h */ = {isa = PBXFileReference; fileEncoding = 4; lastKnownFileType = sourcecode.c.h; path = Enemy.h; sourceTree = "<group>"; };
/* End PBXFileReference section */

/* Begin PBXFrameworksBuildPhase section */
		BAFDEF1D1917449D00909A33 /* Frameworks */ = {
			isa = PBXFrameworksBuildPhase;
			buildActionMask = 2147483647;
			files = (
				BAFDEF251917449D00909A33 /* Foundation.framework in Frameworks */,
			);
			runOnlyForDeploymentPostprocessing = 0;
		};
/* End PBXFrameworksBuildPhase section */

/* Begin PBXGroup section */
		BAFDEF171917449D00909A33 = {
			isa = PBXGroup;
			children = (
				BAFDEF261917449D00909A33 /* 2DShooter */,
				BAFDEF231917449D00909A33 /* Frameworks */,
				BAFDEF221917449D00909A33 /* Products */,
			);
			sourceTree = "<group>";
		};
		BAFDEF221917449D00909A33 /* Products */ = {
			isa = PBXGroup;
			children = (
				BAFDEF211917449D00909A33 /* 2DShooter.app */,
			);
			name = Products;
			sourceTree = "<group>";
		};
		BAFDEF231917449D00909A33 /* Frameworks */ = {
			isa = PBXGroup;
			children = (
				BAFDEF241917449D00909A33 /* Foundation.framework */,
			);
			name = Frameworks;
			sourceTree = "<group>";
		};
		BAFDEF261917449D00909A33 /* 2DShooter */ = {
			isa = PBXGroup;
			children = (
				BAFDEF49191745B200909A33 /* Movement.h */,
				BAFDEF47191745B200909A33 /* EnemyBullet.h */,
				BAFDEF6D191899E100909A33 /* Enemy.h */,
				BAFDEF3F1917451100909A33 /* BackgroundScroll.h */,
				BAFDEF4B191745B200909A33 /* Player.h */,
				BAFDEF411917451800909A33 /* Bullet.h */,
				BAFDEF2C1917449D00909A33 /* main.cpp */,
				BAFDEF4A191745B200909A33 /* Player.cpp */,
				BAFDEF48191745B200909A33 /* Movement.cpp */,
				BAFDEF6C191899E100909A33 /* Enemy.cpp */,
				BAFDEF46191745B200909A33 /* EnemyBullet.cpp */,
				BAFDEF3E1917451100909A33 /* BackgroundScroll.cpp */,
				BAFDEF3C1917450800909A33 /* Bullet.cpp */,
				BAFDEF291917449D00909A33 /* ResourcePath.mm */,
				BAFDEF2B1917449D00909A33 /* ResourcePath.hpp */,
				BAFDEF2E1917449D00909A33 /* Resources */,
				BAFDEF271917449D00909A33 /* Supporting Files */,
			);
			path = 2DShooter;
			sourceTree = "<group>";
		};
		BAFDEF271917449D00909A33 /* Supporting Files */ = {
			isa = PBXGroup;
			children = (
				BAFDEF281917449D00909A33 /* 2DShooter-Info.plist */,
			);
			name = "Supporting Files";
			sourceTree = "<group>";
		};
		BAFDEF2E1917449D00909A33 /* Resources */ = {
			isa = PBXGroup;
			children = (
				BA3425D51919F6E4002A4F12 /* text_entertostart.png */,
				BA3425CD1919E918002A4F12 /* boss.png */,
				BA3425D21919EA9E002A4F12 /* Verdana.ttf */,
				BAFDEF681918903700909A33 /* bullet.png */,
				BA3425D71919FA9F002A4F12 /* text_youwon.png */,
				BA3425D31919EDC0002A4F12 /* RBtitle.png */,
				BAFDEF691918903700909A33 /* enemybullet.png */,
				BAFDEF5C19188E5D00909A33 /* enemy.png */,
				BA3425D91919FC8A002A4F12 /* text_pause.png */,
				BAFDEF5D19188E5D00909A33 /* enemy_2.png */,
				BAFDEF5E19188E5D00909A33 /* plane_down.png */,
				BAFDEF5F19188E5D00909A33 /* image.png */,
				BAFDEF6019188E5D00909A33 /* plane_up.png */,
			);
			name = Resources;
			sourceTree = "<group>";
		};
/* End PBXGroup section */

/* Begin PBXNativeTarget section */
		BAFDEF201917449D00909A33 /* 2DShooter */ = {
			isa = PBXNativeTarget;
			buildConfigurationList = BAFDEF391917449D00909A33 /* Build configuration list for PBXNativeTarget "2DShooter" */;
			buildPhases = (
				BAFDEF1C1917449D00909A33 /* Sources */,
				BAFDEF1D1917449D00909A33 /* Frameworks */,
				BAFDEF1E1917449D00909A33 /* Resources */,
				BAFDEF1F1917449D00909A33 /* ShellScript */,
			);
			buildRules = (
			);
			dependencies = (
			);
			name = 2DShooter;
			productName = 2DShooter;
			productReference = BAFDEF211917449D00909A33 /* 2DShooter.app */;
			productType = "com.apple.product-type.application";
		};
/* End PBXNativeTarget section */

/* Begin PBXProject section */
		BAFDEF181917449D00909A33 /* Project object */ = {
			isa = PBXProject;
			attributes = {
				LastUpgradeCheck = 0510;
				ORGANIZATIONNAME = "Emily Chiang";
			};
			buildConfigurationList = BAFDEF1B1917449D00909A33 /* Build configuration list for PBXProject "2DShooter" */;
			compatibilityVersion = "Xcode 3.2";
			developmentRegion = English;
			hasScannedForEncodings = 0;
			knownRegions = (
				en,
			);
			mainGroup = BAFDEF171917449D00909A33;
			productRefGroup = BAFDEF221917449D00909A33 /* Products */;
			projectDirPath = "";
			projectRoot = "";
			targets = (
				BAFDEF201917449D00909A33 /* 2DShooter */,
			);
		};
/* End PBXProject section */

/* Begin PBXResourcesBuildPhase section */
		BAFDEF1E1917449D00909A33 /* Resources */ = {
			isa = PBXResourcesBuildPhase;
			buildActionMask = 2147483647;
			files = (
				BAFDEF6B1918903700909A33 /* enemybullet.png in Resources */,
				BAFDEF6519188E5D00909A33 /* plane_down.png in Resources */,
				BA3425D81919FA9F002A4F12 /* text_youwon.png in Resources */,
				BA3425D01919E918002A4F12 /* boss.png in Resources */,
				BA3425D61919F6E4002A4F12 /* text_entertostart.png in Resources */,
				BAFDEF6719188E5D00909A33 /* plane_up.png in Resources */,
				BAFDEF6419188E5D00909A33 /* enemy_2.png in Resources */,
				BAFDEF6A1918903700909A33 /* bullet.png in Resources */,
				BAFDEF6619188E5D00909A33 /* image.png in Resources */,
				BAFDEF6319188E5D00909A33 /* enemy.png in Resources */,
				BA3425D41919EDC0002A4F12 /* RBtitle.png in Resources */,
				BA3425DA1919FC8A002A4F12 /* text_pause.png in Resources */,
			);
			runOnlyForDeploymentPostprocessing = 0;
		};
/* End PBXResourcesBuildPhase section */

/* Begin PBXShellScriptBuildPhase section */
		BAFDEF1F1917449D00909A33 /* ShellScript */ = {
			isa = PBXShellScriptBuildPhase;
			buildActionMask = 2147483647;
			files = (
			);
			inputPaths = (
			);
			outputPaths = (
			);
			runOnlyForDeploymentPostprocessing = 0;
			shellPath = /bin/sh;
			shellScript = "# This shell script simply copies required sfml dylibs/frameworks into the application bundle frameworks folder.\n# If you're using static libraries (which is not recommended) you should remove this script from your project.\n\n# Are we building a project that uses framework or dylibs ?\ncase \"$SFML_BINARY_TYPE\" in\n    DYLIBS)\n        frameworks=\"false\"\n        ;;\n    *)\n        frameworks=\"true\"\n        ;;\nesac\n\n# Echoes to stderr\nerror () # $* message to display\n{\n    echo $* 1>&2\n    exit 2\n}\n\nassert () # $1 is a boolean, $2...N is an error message\n{\n    if [ $# -lt 2 ]\n    then\n        error \"Internal error in assert : not enough args\"\n    fi\n\n    if [ $1 -ne 0 ]\n    then\n        shift\n        error \"$*\"\n    fi\n}\n\nforce_remove () # $1 is a path\n{\n    test $# -eq 1\n    assert $? \"force_remove() requires one parameter\"\n    rm -fr \"$1\"\n    assert $? \"couldn't remove $1\"\n}\n\ncopy () # $1 is a source, $2 is a destination\n{\n    test $# -eq 2\n    assert $? \"copy() requires two parameters\"\n    ditto \"$1\" \"$2\"\n    assert $? \"couldn't copy $1 to $2\"\n}\n\nrequire () # $1 is a SFML module like 'system' or 'audio'\n{\n    dest=\"$BUILT_PRODUCTS_DIR/$PRODUCT_NAME.app/Contents/Frameworks\"\n\n    if [ -z \"$1\" ]\n    then\n        error \"require() requires one parameter!\"\n    else\n        # clean potentially old stuff\n        force_remove \"$dest/libsfml-$1.2.dylib\"\n        force_remove \"$dest/libsfml-$1-d.2.dylib\"\n        force_remove \"$dest/sfml-$1.framework\"\n\n        # copy SFML libraries\n        if [ \"$frameworks\" = \"true\" ]\n        then\n            copy \"/Library/Frameworks/sfml-$1.framework\" \"$dest/sfml-$1.framework\"\n        elif [ \"$SFML_LINK_DYLIBS_SUFFIX\" = \"-d\" ]\n        then\n            copy \"/usr/local/lib/libsfml-$1-d.2.dylib\" \"$dest/libsfml-$1-d.2.dylib\"\n        else\n            copy \"/usr/local/lib/libsfml-$1.2.dylib\" \"$dest/libsfml-$1.2.dylib\"\n        fi\n\n        if [ \"$1\" = \"audio\" ]\n        then\n            # copy sndfile framework too\n            copy \"/Library/Frameworks/sndfile.framework\" \"$dest/sndfile.framework\"\n        fi\n\n        if [ \"$1\" = \"graphics\" ]\n        then\n            # copy freetype framework too\n            copy \"/Library/Frameworks/freetype.framework\" \"$dest/freetype.framework\"\n        fi\n    fi\n}\n\nif [ -n \"$SFML_SYSTEM\" ]\nthen\n    require \"system\"\nfi\n\nif [ -n \"$SFML_AUDIO\" ]\nthen\n    require \"audio\"\nfi\n\nif [ -n \"$SFML_NETWORK\" ]\nthen\n    require \"network\"\nfi\n\nif [ -n \"$SFML_WINDOW\" ]\nthen\n    require \"window\"\nfi\n\nif [ -n \"$SFML_GRAPHICS\" ]\nthen\n    require \"graphics\"\nfi\n\n                ";
		};
/* End PBXShellScriptBuildPhase section */

/* Begin PBXSourcesBuildPhase section */
		BAFDEF1C1917449D00909A33 /* Sources */ = {
			isa = PBXSourcesBuildPhase;
			buildActionMask = 2147483647;
			files = (
				BAFDEF4F191745B200909A33 /* Player.cpp in Sources */,
				BAFDEF401917451100909A33 /* BackgroundScroll.cpp in Sources */,
				BAFDEF2D1917449D00909A33 /* main.cpp in Sources */,
				BAFDEF4E191745B200909A33 /* Movement.cpp in Sources */,
				BAFDEF4D191745B200909A33 /* EnemyBullet.cpp in Sources */,
				BAFDEF3D1917450800909A33 /* Bullet.cpp in Sources */,
				BAFDEF6E191899E100909A33 /* Enemy.cpp in Sources */,
				BAFDEF2A1917449D00909A33 /* ResourcePath.mm in Sources */,
			);
			runOnlyForDeploymentPostprocessing = 0;
		};
/* End PBXSourcesBuildPhase section */

/* Begin XCBuildConfiguration section */
		BAFDEF371917449D00909A33 /* Debug */ = {
			isa = XCBuildConfiguration;
			buildSettings = {
				ARCHS = "$(ARCHS_STANDARD)";
				CLANG_WARN_EMPTY_BODY = YES;
				CLANG_WARN__DUPLICATE_METHOD_MATCH = YES;
				FRAMEWORK_SEARCH_PATHS = (
					/Library/Frameworks/,
					"$(inherited)",
				);
				GCC_OPTIMIZATION_LEVEL = 0;
				GCC_PREPROCESSOR_DEFINITIONS = (
					"DEBUG=1",
					"$(inherited)",
				);
				GCC_VERSION = "";
				GCC_WARN_ABOUT_RETURN_TYPE = YES;
				GCC_WARN_UNINITIALIZED_AUTOS = YES;
				GCC_WARN_UNUSED_VARIABLE = YES;
				HEADER_SEARCH_PATHS = (
					/usr/local/include/,
					"$(inherited)",
				);
				LIBRARY_SEARCH_PATHS = (
					/usr/local/lib/,
					"$(inherited)",
				);
				MACOSX_DEPLOYMENT_TARGET = 10.5;
				ONLY_ACTIVE_ARCH = NO;
				OTHER_LDFLAGS = (
					"$(inherited)",
					"$(SFML_SYSTEM)",
					"$(SFML_WINDOW)",
					"$(SFML_GRAPHICS)",
					"$(SFML_AUDIO)",
					"$(SFML_NETWORK)",
				);
				SFML_AUDIO = "$(SFML_LINK_PREFIX) sfml-audio$(SFML_LINK_SUFFIX)";
				SFML_BINARY_TYPE = FRAMEWORKS;
				SFML_GRAPHICS = "$(SFML_LINK_PREFIX) sfml-graphics$(SFML_LINK_SUFFIX)";
				SFML_LINK_DYLIBS_PREFIX = "-l";
				SFML_LINK_DYLIBS_SUFFIX = "";
				SFML_LINK_FRAMEWORKS_PREFIX = "-framework";
				SFML_LINK_FRAMEWORKS_SUFFIX = "";
				SFML_LINK_PREFIX = "$(SFML_LINK_$(SFML_BINARY_TYPE)_PREFIX)";
				SFML_LINK_SUFFIX = "$(SFML_LINK_$(SFML_BINARY_TYPE)_SUFFIX)";
				SFML_NETWORK = "$(SFML_LINK_PREFIX) sfml-network$(SFML_LINK_SUFFIX)";
				SFML_SYSTEM = "$(SFML_LINK_PREFIX) sfml-system$(SFML_LINK_SUFFIX)";
				SFML_WINDOW = "$(SFML_LINK_PREFIX) sfml-window$(SFML_LINK_SUFFIX)";
				SUPPORTED_PLATFORMS = macosx;
			};
			name = Debug;
		};
		BAFDEF381917449D00909A33 /* Release */ = {
			isa = XCBuildConfiguration;
			buildSettings = {
				ARCHS = "$(ARCHS_STANDARD)";
				CLANG_WARN_EMPTY_BODY = YES;
				CLANG_WARN__DUPLICATE_METHOD_MATCH = YES;
				COPY_PHASE_STRIP = YES;
				FRAMEWORK_SEARCH_PATHS = (
					/Library/Frameworks/,
					"$(inherited)",
				);
				GCC_VERSION = "";
				GCC_WARN_ABOUT_RETURN_TYPE = YES;
				GCC_WARN_UNINITIALIZED_AUTOS = YES;
				GCC_WARN_UNUSED_VARIABLE = YES;
				HEADER_SEARCH_PATHS = (
					/usr/local/include/,
					"$(inherited)",
				);
				LIBRARY_SEARCH_PATHS = (
					/usr/local/lib/,
					"$(inherited)",
				);
				MACOSX_DEPLOYMENT_TARGET = 10.5;
				ONLY_ACTIVE_ARCH = NO;
				OTHER_LDFLAGS = (
					"$(inherited)",
					"$(SFML_SYSTEM)",
					"$(SFML_WINDOW)",
					"$(SFML_GRAPHICS)",
					"$(SFML_AUDIO)",
					"$(SFML_NETWORK)",
				);
				SFML_AUDIO = "$(SFML_LINK_PREFIX) sfml-audio$(SFML_LINK_SUFFIX)";
				SFML_BINARY_TYPE = FRAMEWORKS;
				SFML_GRAPHICS = "$(SFML_LINK_PREFIX) sfml-graphics$(SFML_LINK_SUFFIX)";
				SFML_LINK_DYLIBS_PREFIX = "-l";
				SFML_LINK_DYLIBS_SUFFIX = "";
				SFML_LINK_FRAMEWORKS_PREFIX = "-framework";
				SFML_LINK_FRAMEWORKS_SUFFIX = "";
				SFML_LINK_PREFIX = "$(SFML_LINK_$(SFML_BINARY_TYPE)_PREFIX)";
				SFML_LINK_SUFFIX = "$(SFML_LINK_$(SFML_BINARY_TYPE)_SUFFIX)";
				SFML_NETWORK = "$(SFML_LINK_PREFIX) sfml-network$(SFML_LINK_SUFFIX)";
				SFML_SYSTEM = "$(SFML_LINK_PREFIX) sfml-system$(SFML_LINK_SUFFIX)";
				SFML_WINDOW = "$(SFML_LINK_PREFIX) sfml-window$(SFML_LINK_SUFFIX)";
				SUPPORTED_PLATFORMS = macosx;
			};
			name = Release;
		};
		BAFDEF3A1917449D00909A33 /* Debug */ = {
			isa = XCBuildConfiguration;
			buildSettings = {
				ARCHS = "$(ARCHS_STANDARD)";
				GCC_VERSION = "";
				INFOPLIST_FILE = "2DShooter/2DShooter-Info.plist";
				MACOSX_DEPLOYMENT_TARGET = 10.9;
				PRODUCT_NAME = "$(TARGET_NAME)";
			};
			name = Debug;
		};
		BAFDEF3B1917449D00909A33 /* Release */ = {
			isa = XCBuildConfiguration;
			buildSettings = {
				ARCHS = "$(ARCHS_STANDARD)";
				GCC_VERSION = "";
				INFOPLIST_FILE = "2DShooter/2DShooter-Info.plist";
				MACOSX_DEPLOYMENT_TARGET = 10.9;
				PRODUCT_NAME = "$(TARGET_NAME)";
			};
			name = Release;
		};
/* End XCBuildConfiguration section */

/* Begin XCConfigurationList section */
		BAFDEF1B1917449D00909A33 /* Build configuration list for PBXProject "2DShooter" */ = {
			isa = XCConfigurationList;
			buildConfigurations = (
				BAFDEF371917449D00909A33 /* Debug */,
				BAFDEF381917449D00909A33 /* Release */,
			);
			defaultConfigurationIsVisible = 0;
			defaultConfigurationName = Release;
		};
		BAFDEF391917449D00909A33 /* Build configuration list for PBXNativeTarget "2DShooter" */ = {
			isa = XCConfigurationList;
			buildConfigurations = (
				BAFDEF3A1917449D00909A33 /* Debug */,
				BAFDEF3B1917449D00909A33 /* Release */,
			);
			defaultConfigurationIsVisible = 0;
			defaultConfigurationName = Release;
		};
/* End XCConfigurationList section */
	};
	rootObject = BAFDEF181917449D00909A33 /* Project object */;
}
